# This file was autogenerated by Stack.
# You should not edit this file by hand.
# For more information, please see the documentation at:
#   https://docs.haskellstack.org/en/stable/lock_files

packages:
- completed:
    hackage: radian-0.1@sha256:35e642430f751cfbbefc39c5b82bab6f63834d65f8fc3f71d0e68b97f30973d6,1944
    pantry-tree:
      size: 316
      sha256: 21080335f1f552b36b3c74ce32e1a4338ad2aceb2b8fbf5692e03002a61bdc80
  original:
    hackage: radian-0.1@sha256:35e642430f751cfbbefc39c5b82bab6f63834d65f8fc3f71d0e68b97f30973d6,1944
- completed:
    cabal-file:
      size: 1957
      sha256: a88d3d91d957397e1fc6d12151ed1223720493c91f1b37fad1c8466f85dea403
    name: optional
    version: 0.0.1
    git: https://github.com/igraves/optional.git
    pantry-tree:
      size: 692
      sha256: 1d3ea96628b2d3ea139280cce954b986e86c129ec80bf049e0fa7da916fb3b22
    commit: cf6872ecb1548c687ebeb76708354b9f36733ab5
  original:
    git: https://github.com/igraves/optional.git
    commit: cf6872ecb1548c687ebeb76708354b9f36733ab5
- completed:
    cabal-file:
      size: 1374
      sha256: 47a26edce447f1563dcb5fe399c24ff1ac167c989d53ec8b634f4cd96c9fffc9
    name: coordinate
    version: 0.1.2
    git: https://github.com/igraves/coordinate.git
    pantry-tree:
      size: 1488
      sha256: 93e933947ff832768ee4f3a0290cbd8e403a81bbacb2a59a020b845067645a78
    commit: 9843eab07cf0b117f0798108ffefdfcd5a16dd4a
  original:
    git: https://github.com/igraves/coordinate.git
    commit: 9843eab07cf0b117f0798108ffefdfcd5a16dd4a
snapshots:
- completed:
    size: 499461
    url: https://raw.githubusercontent.com/commercialhaskell/stackage-snapshots/master/lts/13/25.yaml
    sha256: aed98969628e20615e96b06083c933c7e3354ae56b08b75e607a26569225d6c0
  original: lts-13.25
